// !$*UTF8*$!
{
	archiveVersion = 1;
	classes = {
	};
	objectVersion = 46;
	objects = {

/* Begin PBXBuildFile section */
		43C3F725183D1A43001FD8DF /* MapKit.framework in Frameworks */ = {isa = PBXBuildFile; fileRef = 43C3F724183D1A43001FD8DF /* MapKit.framework */; };
		43C3F728183D1F2D001FD8DF /* SBPhotoListDataSource.m in Sources */ = {isa = PBXBuildFile; fileRef = 43C3F727183D1F2D001FD8DF /* SBPhotoListDataSource.m */; };
		43C3F72B183D22AB001FD8DF /* SBPhotoCell.m in Sources */ = {isa = PBXBuildFile; fileRef = 43C3F72A183D22AB001FD8DF /* SBPhotoCell.m */; };
		AA1035F1183BC6150014A041 /* Foundation.framework in Frameworks */ = {isa = PBXBuildFile; fileRef = AA1035F0183BC6150014A041 /* Foundation.framework */; };
		AA1035F3183BC6150014A041 /* CoreGraphics.framework in Frameworks */ = {isa = PBXBuildFile; fileRef = AA1035F2183BC6150014A041 /* CoreGraphics.framework */; };
		AA1035F5183BC6150014A041 /* UIKit.framework in Frameworks */ = {isa = PBXBuildFile; fileRef = AA1035F4183BC6150014A041 /* UIKit.framework */; };
		AA1035FB183BC6150014A041 /* InfoPlist.strings in Resources */ = {isa = PBXBuildFile; fileRef = AA1035F9183BC6150014A041 /* InfoPlist.strings */; };
		AA1035FD183BC6150014A041 /* main.m in Sources */ = {isa = PBXBuildFile; fileRef = AA1035FC183BC6150014A041 /* main.m */; };
		AA103601183BC6150014A041 /* SBAppDelegate.m in Sources */ = {isa = PBXBuildFile; fileRef = AA103600183BC6150014A041 /* SBAppDelegate.m */; };
		AA103604183BC6150014A041 /* Main.storyboard in Resources */ = {isa = PBXBuildFile; fileRef = AA103602183BC6150014A041 /* Main.storyboard */; };
		AA103609183BC6150014A041 /* Images.xcassets in Resources */ = {isa = PBXBuildFile; fileRef = AA103608183BC6150014A041 /* Images.xcassets */; };
		AA103627183BC6900014A041 /* SBPhotoListViewController.m in Sources */ = {isa = PBXBuildFile; fileRef = AA103626183BC6900014A041 /* SBPhotoListViewController.m */; };
		AA10362B183BCF440014A041 /* SBPhotoDetailViewController.m in Sources */ = {isa = PBXBuildFile; fileRef = AA10362A183BCF440014A041 /* SBPhotoDetailViewController.m */; };
		AA10364E183CE7C50014A041 /* SBFlickrHelper.m in Sources */ = {isa = PBXBuildFile; fileRef = AA10364D183CE7C50014A041 /* SBFlickrHelper.m */; };
/* End PBXBuildFile section */

/* Begin PBXFileReference section */
		43C3F724183D1A43001FD8DF /* MapKit.framework */ = {isa = PBXFileReference; lastKnownFileType = wrapper.framework; name = MapKit.framework; path = System/Library/Frameworks/MapKit.framework; sourceTree = SDKROOT; };
		43C3F726183D1F2D001FD8DF /* SBPhotoListDataSource.h */ = {isa = PBXFileReference; fileEncoding = 4; lastKnownFileType = sourcecode.c.h; path = SBPhotoListDataSource.h; sourceTree = "<group>"; };
		43C3F727183D1F2D001FD8DF /* SBPhotoListDataSource.m */ = {isa = PBXFileReference; fileEncoding = 4; lastKnownFileType = sourcecode.c.objc; path = SBPhotoListDataSource.m; sourceTree = "<group>"; };
		43C3F729183D22AB001FD8DF /* SBPhotoCell.h */ = {isa = PBXFileReference; fileEncoding = 4; lastKnownFileType = sourcecode.c.h; path = SBPhotoCell.h; sourceTree = "<group>"; };
		43C3F72A183D22AB001FD8DF /* SBPhotoCell.m */ = {isa = PBXFileReference; fileEncoding = 4; lastKnownFileType = sourcecode.c.objc; path = SBPhotoCell.m; sourceTree = "<group>"; };
		AA1035ED183BC6150014A041 /* FlickrClient.app */ = {isa = PBXFileReference; explicitFileType = wrapper.application; includeInIndex = 0; path = FlickrClient.app; sourceTree = BUILT_PRODUCTS_DIR; };
		AA1035F0183BC6150014A041 /* Foundation.framework */ = {isa = PBXFileReference; lastKnownFileType = wrapper.framework; name = Foundation.framework; path = System/Library/Frameworks/Foundation.framework; sourceTree = SDKROOT; };
		AA1035F2183BC6150014A041 /* CoreGraphics.framework */ = {isa = PBXFileReference; lastKnownFileType = wrapper.framework; name = CoreGraphics.framework; path = System/Library/Frameworks/CoreGraphics.framework; sourceTree = SDKROOT; };
		AA1035F4183BC6150014A041 /* UIKit.framework */ = {isa = PBXFileReference; lastKnownFileType = wrapper.framework; name = UIKit.framework; path = System/Library/Frameworks/UIKit.framework; sourceTree = SDKROOT; };
		AA1035F8183BC6150014A041 /* FlickrClient-Info.plist */ = {isa = PBXFileReference; lastKnownFileType = text.plist.xml; path = "FlickrClient-Info.plist"; sourceTree = "<group>"; };
		AA1035FA183BC6150014A041 /* en */ = {isa = PBXFileReference; lastKnownFileType = text.plist.strings; name = en; path = en.lproj/InfoPlist.strings; sourceTree = "<group>"; };
		AA1035FC183BC6150014A041 /* main.m */ = {isa = PBXFileReference; lastKnownFileType = sourcecode.c.objc; path = main.m; sourceTree = "<group>"; };
		AA1035FE183BC6150014A041 /* FlickrClient-Prefix.pch */ = {isa = PBXFileReference; lastKnownFileType = sourcecode.c.h; path = "FlickrClient-Prefix.pch"; sourceTree = "<group>"; };
		AA1035FF183BC6150014A041 /* SBAppDelegate.h */ = {isa = PBXFileReference; lastKnownFileType = sourcecode.c.h; path = SBAppDelegate.h; sourceTree = "<group>"; };
		AA103600183BC6150014A041 /* SBAppDelegate.m */ = {isa = PBXFileReference; lastKnownFileType = sourcecode.c.objc; path = SBAppDelegate.m; sourceTree = "<group>"; };
		AA103603183BC6150014A041 /* Base */ = {isa = PBXFileReference; lastKnownFileType = file.storyboard; name = Base; path = Base.lproj/Main.storyboard; sourceTree = "<group>"; };
		AA103608183BC6150014A041 /* Images.xcassets */ = {isa = PBXFileReference; lastKnownFileType = folder.assetcatalog; name = Images.xcassets; path = FlickrClient/Images.xcassets; sourceTree = "<group>"; };
		AA103625183BC6900014A041 /* SBPhotoListViewController.h */ = {isa = PBXFileReference; fileEncoding = 4; lastKnownFileType = sourcecode.c.h; path = SBPhotoListViewController.h; sourceTree = "<group>"; };
		AA103626183BC6900014A041 /* SBPhotoListViewController.m */ = {isa = PBXFileReference; fileEncoding = 4; lastKnownFileType = sourcecode.c.objc; path = SBPhotoListViewController.m; sourceTree = "<group>"; };
		AA103629183BCF440014A041 /* SBPhotoDetailViewController.h */ = {isa = PBXFileReference; fileEncoding = 4; lastKnownFileType = sourcecode.c.h; path = SBPhotoDetailViewController.h; sourceTree = "<group>"; };
		AA10362A183BCF440014A041 /* SBPhotoDetailViewController.m */ = {isa = PBXFileReference; fileEncoding = 4; lastKnownFileType = sourcecode.c.objc; path = SBPhotoDetailViewController.m; sourceTree = "<group>"; };
		AA10364C183CE7C50014A041 /* SBFlickrHelper.h */ = {isa = PBXFileReference; fileEncoding = 4; lastKnownFileType = sourcecode.c.h; path = SBFlickrHelper.h; sourceTree = "<group>"; };
		AA10364D183CE7C50014A041 /* SBFlickrHelper.m */ = {isa = PBXFileReference; fileEncoding = 4; lastKnownFileType = sourcecode.c.objc; path = SBFlickrHelper.m; sourceTree = "<group>"; };
/* End PBXFileReference section */

/* Begin PBXFrameworksBuildPhase section */
		AA1035EA183BC6150014A041 /* Frameworks */ = {
			isa = PBXFrameworksBuildPhase;
			buildActionMask = 2147483647;
			files = (
				43C3F725183D1A43001FD8DF /* MapKit.framework in Frameworks */,
				AA1035F3183BC6150014A041 /* CoreGraphics.framework in Frameworks */,
				AA1035F5183BC6150014A041 /* UIKit.framework in Frameworks */,
				AA1035F1183BC6150014A041 /* Foundation.framework in Frameworks */,
			);
			runOnlyForDeploymentPostprocessing = 0;
		};
/* End PBXFrameworksBuildPhase section */

/* Begin PBXGroup section */
		43C3F72C183D22FC001FD8DF /* Model */ = {
			isa = PBXGroup;
			children = (
			);
			name = Model;
			sourceTree = "<group>";
		};
		43C3F72D183D2304001FD8DF /* View */ = {
			isa = PBXGroup;
			children = (
			);
			name = View;
			sourceTree = "<group>";
		};
		43C3F72E183D230B001FD8DF /* Controller */ = {
			isa = PBXGroup;
			children = (
			);
			name = Controller;
			sourceTree = "<group>";
		};
		AA1035E4183BC6150014A041 = {
			isa = PBXGroup;
			children = (
				AA1035F6183BC6150014A041 /* FlickrClient */,
				AA103608183BC6150014A041 /* Images.xcassets */,
				AA1035F7183BC6150014A041 /* Supporting Files */,
				AA1035EF183BC6150014A041 /* Frameworks */,
				AA1035EE183BC6150014A041 /* Products */,
			);
			sourceTree = "<group>";
		};
		AA1035EE183BC6150014A041 /* Products */ = {
			isa = PBXGroup;
			children = (
				AA1035ED183BC6150014A041 /* FlickrClient.app */,
			);
			name = Products;
			sourceTree = "<group>";
		};
		AA1035EF183BC6150014A041 /* Frameworks */ = {
			isa = PBXGroup;
			children = (
				43C3F724183D1A43001FD8DF /* MapKit.framework */,
				AA1035F0183BC6150014A041 /* Foundation.framework */,
				AA1035F2183BC6150014A041 /* CoreGraphics.framework */,
				AA1035F4183BC6150014A041 /* UIKit.framework */,
			);
			name = Frameworks;
			sourceTree = "<group>";
		};
		AA1035F6183BC6150014A041 /* FlickrClient */ = {
			isa = PBXGroup;
			children = (
				43C3F72C183D22FC001FD8DF /* Model */,
				43C3F72D183D2304001FD8DF /* View */,
				43C3F72E183D230B001FD8DF /* Controller */,
				AA1035FF183BC6150014A041 /* SBAppDelegate.h */,
				AA103600183BC6150014A041 /* SBAppDelegate.m */,
				AA103602183BC6150014A041 /* Main.storyboard */,
				AA103625183BC6900014A041 /* SBPhotoListViewController.h */,
				AA103626183BC6900014A041 /* SBPhotoListViewController.m */,
				AA103629183BCF440014A041 /* SBPhotoDetailViewController.h */,
				AA10362A183BCF440014A041 /* SBPhotoDetailViewController.m */,
				AA10364C183CE7C50014A041 /* SBFlickrHelper.h */,
				AA10364D183CE7C50014A041 /* SBFlickrHelper.m */,
				43C3F726183D1F2D001FD8DF /* SBPhotoListDataSource.h */,
				43C3F727183D1F2D001FD8DF /* SBPhotoListDataSource.m */,
				43C3F729183D22AB001FD8DF /* SBPhotoCell.h */,
				43C3F72A183D22AB001FD8DF /* SBPhotoCell.m */,
			);
			path = FlickrClient;
			sourceTree = "<group>";
		};
		AA1035F7183BC6150014A041 /* Supporting Files */ = {
			isa = PBXGroup;
			children = (
				AA1035F8183BC6150014A041 /* FlickrClient-Info.plist */,
				AA1035F9183BC6150014A041 /* InfoPlist.strings */,
				AA1035FC183BC6150014A041 /* main.m */,
				AA1035FE183BC6150014A041 /* FlickrClient-Prefix.pch */,
			);
			name = "Supporting Files";
			path = FlickrClient;
			sourceTree = "<group>";
		};
/* End PBXGroup section */

/* Begin PBXNativeTarget section */
		AA1035EC183BC6150014A041 /* FlickrClient */ = {
			isa = PBXNativeTarget;
			buildConfigurationList = AA10361F183BC6150014A041 /* Build configuration list for PBXNativeTarget "FlickrClient" */;
			buildPhases = (
				AA1035E9183BC6150014A041 /* Sources */,
				AA1035EA183BC6150014A041 /* Frameworks */,
				AA1035EB183BC6150014A041 /* Resources */,
			);
			buildRules = (
			);
			dependencies = (
			);
			name = FlickrClient;
			productName = FlickrClient;
			productReference = AA1035ED183BC6150014A041 /* FlickrClient.app */;
			productType = "com.apple.product-type.application";
		};
/* End PBXNativeTarget section */

/* Begin PBXProject section */
		AA1035E5183BC6150014A041 /* Project object */ = {
			isa = PBXProject;
			attributes = {
				CLASSPREFIX = SB;
				LastUpgradeCheck = 0500;
				ORGANIZATIONNAME = Palringo;
			};
			buildConfigurationList = AA1035E8183BC6150014A041 /* Build configuration list for PBXProject "FlickrClient" */;
			compatibilityVersion = "Xcode 3.2";
			developmentRegion = English;
			hasScannedForEncodings = 0;
			knownRegions = (
				en,
				Base,
			);
			mainGroup = AA1035E4183BC6150014A041;
			productRefGroup = AA1035EE183BC6150014A041 /* Products */;
			projectDirPath = "";
			projectRoot = "";
			targets = (
				AA1035EC183BC6150014A041 /* FlickrClient */,
			);
		};
/* End PBXProject section */

/* Begin PBXResourcesBuildPhase section */
		AA1035EB183BC6150014A041 /* Resources */ = {
			isa = PBXResourcesBuildPhase;
			buildActionMask = 2147483647;
			files = (
				AA103609183BC6150014A041 /* Images.xcassets in Resources */,
				AA1035FB183BC6150014A041 /* InfoPlist.strings in Resources */,
				AA103604183BC6150014A041 /* Main.storyboard in Resources */,
			);
			runOnlyForDeploymentPostprocessing = 0;
		};
/* End PBXResourcesBuildPhase section */

/* Begin PBXSourcesBuildPhase section */
		AA1035E9183BC6150014A041 /* Sources */ = {
			isa = PBXSourcesBuildPhase;
			buildActionMask = 2147483647;
			files = (
				43C3F728183D1F2D001FD8DF /* SBPhotoListDataSource.m in Sources */,
				AA10364E183CE7C50014A041 /* SBFlickrHelper.m in Sources */,
				AA1035FD183BC6150014A041 /* main.m in Sources */,
				AA10362B183BCF440014A041 /* SBPhotoDetailViewController.m in Sources */,
				AA103627183BC6900014A041 /* SBPhotoListViewController.m in Sources */,
				43C3F72B183D22AB001FD8DF /* SBPhotoCell.m in Sources */,
				AA103601183BC6150014A041 /* SBAppDelegate.m in Sources */,
			);
			runOnlyForDeploymentPostprocessing = 0;
		};
/* End PBXSourcesBuildPhase section */

/* Begin PBXVariantGroup section */
		AA1035F9183BC6150014A041 /* InfoPlist.strings */ = {
			isa = PBXVariantGroup;
			children = (
				AA1035FA183BC6150014A041 /* en */,
			);
			name = InfoPlist.strings;
			sourceTree = "<group>";
		};
		AA103602183BC6150014A041 /* Main.storyboard */ = {
			isa = PBXVariantGroup;
			children = (
				AA103603183BC6150014A041 /* Base */,
			);
			name = Main.storyboard;
			sourceTree = "<group>";
		};
/* End PBXVariantGroup section */

/* Begin XCBuildConfiguration section */
		AA10361D183BC6150014A041 /* Debug */ = {
			isa = XCBuildConfiguration;
			buildSettings = {
				ALWAYS_SEARCH_USER_PATHS = NO;
				CLANG_CXX_LANGUAGE_STANDARD = "gnu++0x";
				CLANG_CXX_LIBRARY = "libc++";
				CLANG_ENABLE_MODULES = YES;
				CLANG_ENABLE_OBJC_ARC = YES;
				CLANG_WARN_BOOL_CONVERSION = YES;
				CLANG_WARN_CONSTANT_CONVERSION = YES;
				CLANG_WARN_DIRECT_OBJC_ISA_USAGE = YES_ERROR;
				CLANG_WARN_EMPTY_BODY = YES;
				CLANG_WARN_ENUM_CONVERSION = YES;
				CLANG_WARN_INT_CONVERSION = YES;
				CLANG_WARN_OBJC_ROOT_CLASS = YES_ERROR;
				CLANG_WARN__DUPLICATE_METHOD_MATCH = YES;
				"CODE_SIGN_IDENTITY[sdk=iphoneos*]" = "iPhone Developer";
				COPY_PHASE_STRIP = NO;
				GCC_C_LANGUAGE_STANDARD = gnu99;
				GCC_DYNAMIC_NO_PIC = NO;
				GCC_OPTIMIZATION_LEVEL = 0;
				GCC_PREPROCESSOR_DEFINITIONS = (
					"DEBUG=1",
					"$(inherited)",
				);
				GCC_SYMBOLS_PRIVATE_EXTERN = NO;
				GCC_WARN_64_TO_32_BIT_CONVERSION = YES;
				GCC_WARN_ABOUT_RETURN_TYPE = YES_ERROR;
				GCC_WARN_UNDECLARED_SELECTOR = YES;
				GCC_WARN_UNINITIALIZED_AUTOS = YES;
				GCC_WARN_UNUSED_FUNCTION = YES;
				GCC_WARN_UNUSED_VARIABLE = YES;
				IPHONEOS_DEPLOYMENT_TARGET = 7.0;
				ONLY_ACTIVE_ARCH = YES;
				SDKROOT = iphoneos;
			};
			name = Debug;
		};
		AA10361E183BC6150014A041 /* Release */ = {
			isa = XCBuildConfiguration;
			buildSettings = {
				ALWAYS_SEARCH_USER_PATHS = NO;
				CLANG_CXX_LANGUAGE_STANDARD = "gnu++0x";
				CLANG_CXX_LIBRARY = "libc++";
				CLANG_ENABLE_MODULES = YES;
				CLANG_ENABLE_OBJC_ARC = YES;
				CLANG_WARN_BOOL_CONVERSION = YES;
				CLANG_WARN_CONSTANT_CONVERSION = YES;
				CLANG_WARN_DIRECT_OBJC_ISA_USAGE = YES_ERROR;
				CLANG_WARN_EMPTY_BODY = YES;
				CLANG_WARN_ENUM_CONVERSION = YES;
				CLANG_WARN_INT_CONVERSION = YES;
				CLANG_WARN_OBJC_ROOT_CLASS = YES_ERROR;
				CLANG_WARN__DUPLICATE_METHOD_MATCH = YES;
				"CODE_SIGN_IDENTITY[sdk=iphoneos*]" = "iPhone Developer";
				COPY_PHASE_STRIP = YES;
				ENABLE_NS_ASSERTIONS = NO;
				GCC_C_LANGUAGE_STANDARD = gnu99;
				GCC_WARN_64_TO_32_BIT_CONVERSION = YES;
				GCC_WARN_ABOUT_RETURN_TYPE = YES_ERROR;
				GCC_WARN_UNDECLARED_SELECTOR = YES;
				GCC_WARN_UNINITIALIZED_AUTOS = YES;
				GCC_WARN_UNUSED_FUNCTION = YES;
				GCC_WARN_UNUSED_VARIABLE = YES;
				IPHONEOS_DEPLOYMENT_TARGET = 7.0;
				SDKROOT = iphoneos;
				VALIDATE_PRODUCT = YES;
			};
			name = Release;
		};
		AA103620183BC6150014A041 /* Debug */ = {
			isa = XCBuildConfiguration;
			buildSettings = {
				ASSETCATALOG_COMPILER_APPICON_NAME = AppIcon;
				ASSETCATALOG_COMPILER_LAUNCHIMAGE_NAME = LaunchImage;
				GCC_PRECOMPILE_PREFIX_HEADER = YES;
				GCC_PREFIX_HEADER = "FlickrClient/FlickrClient-Prefix.pch";
				INFOPLIST_FILE = "FlickrClient/FlickrClient-Info.plist";
				PRODUCT_NAME = "$(TARGET_NAME)";
				WRAPPER_EXTENSION = app;
			};
			name = Debug;
		};
		AA103621183BC6150014A041 /* Release */ = {
			isa = XCBuildConfiguration;
			buildSettings = {
				ASSETCATALOG_COMPILER_APPICON_NAME = AppIcon;
				ASSETCATALOG_COMPILER_LAUNCHIMAGE_NAME = LaunchImage;
				GCC_PRECOMPILE_PREFIX_HEADER = YES;
				GCC_PREFIX_HEADER = "FlickrClient/FlickrClient-Prefix.pch";
				INFOPLIST_FILE = "FlickrClient/FlickrClient-Info.plist";
				PRODUCT_NAME = "$(TARGET_NAME)";
				WRAPPER_EXTENSION = app;
			};
			name = Release;
		};
/* End XCBuildConfiguration section */

/* Begin XCConfigurationList section */
		AA1035E8183BC6150014A041 /* Build configuration list for PBXProject "FlickrClient" */ = {
			isa = XCConfigurationList;
			buildConfigurations = (
				AA10361D183BC6150014A041 /* Debug */,
				AA10361E183BC6150014A041 /* Release */,
			);
			defaultConfigurationIsVisible = 0;
			defaultConfigurationName = Release;
		};
		AA10361F183BC6150014A041 /* Build configuration list for PBXNativeTarget "FlickrClient" */ = {
			isa = XCConfigurationList;
			buildConfigurations = (
				AA103620183BC6150014A041 /* Debug */,
				AA103621183BC6150014A041 /* Release */,
			);
			defaultConfigurationIsVisible = 0;
			defaultConfigurationName = Release;
		};
/* End XCConfigurationList section */
	};
	rootObject = AA1035E5183BC6150014A041 /* Project object */;
}
